// !$*UTF8*$!
{
	archiveVersion = 1;
	classes = {
	};
	objectVersion = 46;
	objects = {

/* Begin PBXBuildFile section */
		1AA5D8CF1CDC1BF5004D1CF9 /* STPopup.h in CopyFiles */ = {isa = PBXBuildFile; fileRef = 1AA5D8CE1CDC1BF5004D1CF9 /* STPopup.h */; };
		1AA5D8D11CDC1BF5004D1CF9 /* STPopup.m in Sources */ = {isa = PBXBuildFile; fileRef = 1AA5D8D01CDC1BF5004D1CF9 /* STPopup.m */; };
/* End PBXBuildFile section */

/* Begin PBXCopyFilesBuildPhase section */
		1AA5D8CA1CDC1BF5004D1CF9 /* CopyFiles */ = {
			isa = PBXCopyFilesBuildPhase;
			buildActionMask = 2147483647;
			dstPath = "include/$(PRODUCT_NAME)";
			dstSubfolderSpec = 16;
			files = (
				1AA5D8CF1CDC1BF5004D1CF9 /* STPopup.h in CopyFiles */,
			);
			runOnlyForDeploymentPostprocessing = 0;
		};
/* End PBXCopyFilesBuildPhase section */

/* Begin PBXFileReference section */
		1AA5D8C11CDC1B8A004D1CF9 /* STpopup.h */ = {isa = PBXFileReference; lastKnownFileType = sourcecode.c.h; path = STpopup.h; sourceTree = "<group>"; };
		1AA5D8C31CDC1B8A004D1CF9 /* STpopup.m */ = {isa = PBXFileReference; lastKnownFileType = sourcecode.c.objc; path = STpopup.m; sourceTree = "<group>"; };
		1AA5D8CC1CDC1BF5004D1CF9 /* libSTPopup.a */ = {isa = PBXFileReference; explicitFileType = archive.ar; includeInIndex = 0; path = libSTPopup.a; sourceTree = BUILT_PRODUCTS_DIR; };
		1AA5D8CE1CDC1BF5004D1CF9 /* STPopup.h */ = {isa = PBXFileReference; lastKnownFileType = sourcecode.c.h; path = STPopup.h; sourceTree = "<group>"; };
		1AA5D8D01CDC1BF5004D1CF9 /* STPopup.m */ = {isa = PBXFileReference; lastKnownFileType = sourcecode.c.objc; path = STPopup.m; sourceTree = "<group>"; };
		76D8223B1C1DB5E400FCF988 /* STPopup.h */ = {isa = PBXFileReference; lastKnownFileType = sourcecode.c.h; path = STPopup.h; sourceTree = "<group>"; };
		76D8223D1C1DB5E400FCF988 /* Info.plist */ = {isa = PBXFileReference; lastKnownFileType = text.plist.xml; path = Info.plist; sourceTree = "<group>"; };
		76D822431C1DB62600FCF988 /* STPopupController.h */ = {isa = PBXFileReference; fileEncoding = 4; lastKnownFileType = sourcecode.c.h; path = STPopupController.h; sourceTree = "<group>"; };
		76D822441C1DB62600FCF988 /* STPopupController.m */ = {isa = PBXFileReference; fileEncoding = 4; lastKnownFileType = sourcecode.c.objc; path = STPopupController.m; sourceTree = "<group>"; };
		76D822451C1DB62600FCF988 /* STPopupLeftBarItem.h */ = {isa = PBXFileReference; fileEncoding = 4; lastKnownFileType = sourcecode.c.h; path = STPopupLeftBarItem.h; sourceTree = "<group>"; };
		76D822461C1DB62600FCF988 /* STPopupLeftBarItem.m */ = {isa = PBXFileReference; fileEncoding = 4; lastKnownFileType = sourcecode.c.objc; path = STPopupLeftBarItem.m; sourceTree = "<group>"; };
		76D822471C1DB62600FCF988 /* STPopupNavigationBar.h */ = {isa = PBXFileReference; fileEncoding = 4; lastKnownFileType = sourcecode.c.h; path = STPopupNavigationBar.h; sourceTree = "<group>"; };
		76D822481C1DB62600FCF988 /* STPopupNavigationBar.m */ = {isa = PBXFileReference; fileEncoding = 4; lastKnownFileType = sourcecode.c.objc; path = STPopupNavigationBar.m; sourceTree = "<group>"; };
		76D822491C1DB62600FCF988 /* UIResponder+STPopup.h */ = {isa = PBXFileReference; fileEncoding = 4; lastKnownFileType = sourcecode.c.h; path = "UIResponder+STPopup.h"; sourceTree = "<group>"; };
		76D8224A1C1DB62600FCF988 /* UIResponder+STPopup.m */ = {isa = PBXFileReference; fileEncoding = 4; lastKnownFileType = sourcecode.c.objc; path = "UIResponder+STPopup.m"; sourceTree = "<group>"; };
		76D8224B1C1DB62600FCF988 /* UIViewController+STPopup.h */ = {isa = PBXFileReference; fileEncoding = 4; lastKnownFileType = sourcecode.c.h; path = "UIViewController+STPopup.h"; sourceTree = "<group>"; };
		76D8224C1C1DB62600FCF988 /* UIViewController+STPopup.m */ = {isa = PBXFileReference; fileEncoding = 4; lastKnownFileType = sourcecode.c.objc; path = "UIViewController+STPopup.m"; sourceTree = "<group>"; };
/* End PBXFileReference section */

/* Begin PBXFrameworksBuildPhase section */
		1AA5D8C91CDC1BF5004D1CF9 /* Frameworks */ = {
			isa = PBXFrameworksBuildPhase;
			buildActionMask = 2147483647;
			files = (
			);
			runOnlyForDeploymentPostprocessing = 0;
		};
/* End PBXFrameworksBuildPhase section */

/* Begin PBXGroup section */
		1AA5D8C01CDC1B8A004D1CF9 /* STpopup */ = {
			isa = PBXGroup;
			children = (
				1AA5D8C11CDC1B8A004D1CF9 /* STpopup.h */,
				1AA5D8C31CDC1B8A004D1CF9 /* STpopup.m */,
			);
			path = STpopup;
			sourceTree = "<group>";
		};
		1AA5D8CD1CDC1BF5004D1CF9 /* STPopup */ = {
			isa = PBXGroup;
			children = (
				1AA5D8CE1CDC1BF5004D1CF9 /* STPopup.h */,
				1AA5D8D01CDC1BF5004D1CF9 /* STPopup.m */,
			);
			path = STPopup;
			sourceTree = "<group>";
		};
		76D8222E1C1DB5E400FCF988 = {
			isa = PBXGroup;
			children = (
				76D8223A1C1DB5E400FCF988 /* STPopup */,
				1AA5D8C01CDC1B8A004D1CF9 /* STpopup */,
				1AA5D8CD1CDC1BF5004D1CF9 /* STPopup */,
				76D822391C1DB5E400FCF988 /* Products */,
			);
			sourceTree = "<group>";
		};
		76D822391C1DB5E400FCF988 /* Products */ = {
			isa = PBXGroup;
			children = (
				1AA5D8CC1CDC1BF5004D1CF9 /* libSTPopup.a */,
			);
			name = Products;
			sourceTree = "<group>";
		};
		76D8223A1C1DB5E400FCF988 /* STPopup */ = {
			isa = PBXGroup;
			children = (
				76D822431C1DB62600FCF988 /* STPopupController.h */,
				76D822441C1DB62600FCF988 /* STPopupController.m */,
				76D822451C1DB62600FCF988 /* STPopupLeftBarItem.h */,
				76D822461C1DB62600FCF988 /* STPopupLeftBarItem.m */,
				76D822471C1DB62600FCF988 /* STPopupNavigationBar.h */,
				76D822481C1DB62600FCF988 /* STPopupNavigationBar.m */,
				76D822491C1DB62600FCF988 /* UIResponder+STPopup.h */,
				76D8224A1C1DB62600FCF988 /* UIResponder+STPopup.m */,
				76D8224B1C1DB62600FCF988 /* UIViewController+STPopup.h */,
				76D8224C1C1DB62600FCF988 /* UIViewController+STPopup.m */,
				76D8223B1C1DB5E400FCF988 /* STPopup.h */,
				76D8223D1C1DB5E400FCF988 /* Info.plist */,
			);
			path = STPopup;
			sourceTree = "<group>";
		};
/* End PBXGroup section */

/* Begin PBXNativeTarget section */
		1AA5D8CB1CDC1BF5004D1CF9 /* STPopup */ = {
			isa = PBXNativeTarget;
			buildConfigurationList = 1AA5D8D21CDC1BF5004D1CF9 /* Build configuration list for PBXNativeTarget "STPopup" */;
			buildPhases = (
				1AA5D8C81CDC1BF5004D1CF9 /* Sources */,
				1AA5D8C91CDC1BF5004D1CF9 /* Frameworks */,
				1AA5D8CA1CDC1BF5004D1CF9 /* CopyFiles */,
			);
			buildRules = (
			);
			dependencies = (
			);
			name = STPopup;
			productName = STPopup;
			productReference = 1AA5D8CC1CDC1BF5004D1CF9 /* libSTPopup.a */;
			productType = "com.apple.product-type.library.static";
		};
/* End PBXNativeTarget section */

/* Begin PBXProject section */
		76D8222F1C1DB5E400FCF988 /* Project object */ = {
			isa = PBXProject;
			attributes = {
				LastUpgradeCheck = 0720;
				ORGANIZATIONNAME = Sth4Me;
				TargetAttributes = {
					1AA5D8CB1CDC1BF5004D1CF9 = {
						CreatedOnToolsVersion = 7.3;
					};
				};
			};
			buildConfigurationList = 76D822321C1DB5E400FCF988 /* Build configuration list for PBXProject "STPopup" */;
			compatibilityVersion = "Xcode 3.2";
			developmentRegion = English;
			hasScannedForEncodings = 0;
			knownRegions = (
				en,
			);
			mainGroup = 76D8222E1C1DB5E400FCF988;
			productRefGroup = 76D822391C1DB5E400FCF988 /* Products */;
			projectDirPath = "";
			projectRoot = "";
			targets = (
				1AA5D8CB1CDC1BF5004D1CF9 /* STPopup */,
			);
		};
/* End PBXProject section */

/* Begin PBXSourcesBuildPhase section */
		1AA5D8C81CDC1BF5004D1CF9 /* Sources */ = {
			isa = PBXSourcesBuildPhase;
			buildActionMask = 2147483647;
			files = (
				1AA5D8D11CDC1BF5004D1CF9 /* STPopup.m in Sources */,
			);
			runOnlyForDeploymentPostprocessing = 0;
		};
/* End PBXSourcesBuildPhase section */

/* Begin XCBuildConfiguration section */
		1AA5D8D31CDC1BF5004D1CF9 /* Debug */ = {
			isa = XCBuildConfiguration;
			buildSettings = {
				CLANG_ANALYZER_NONNULL = YES;
				IPHONEOS_DEPLOYMENT_TARGET = 9.3;
				ONLY_ACTIVE_ARCH = YES;
				OTHER_LDFLAGS = "-ObjC";
				PRODUCT_NAME = "$(TARGET_NAME)";
				SKIP_INSTALL = YES;
			};
			name = Debug;
		};
		1AA5D8D41CDC1BF5004D1CF9 /* Release */ = {
			isa = XCBuildConfiguration;
			buildSettings = {
				CLANG_ANALYZER_NONNULL = YES;
				IPHONEOS_DEPLOYMENT_TARGET = 9.3;
				OTHER_LDFLAGS = "-ObjC";
				PRODUCT_NAME = "$(TARGET_NAME)";
				SKIP_INSTALL = YES;
			};
			name = Release;
		};
		76D8223E1C1DB5E400FCF988 /* Debug */ = {
			isa = XCBuildConfiguration;
			buildSettings = {
				ALWAYS_SEARCH_USER_PATHS = NO;
				CLANG_CXX_LANGUAGE_STANDARD = "gnu++0x";
				CLANG_CXX_LIBRARY = "libc++";
				CLANG_ENABLE_MODULES = YES;
				CLANG_ENABLE_OBJC_ARC = YES;
				CLANG_WARN_BOOL_CONVERSION = YES;
				CLANG_WARN_CONSTANT_CONVERSION = YES;
				CLANG_WARN_DIRECT_OBJC_ISA_USAGE = YES_ERROR;
				CLANG_WARN_EMPTY_BODY = YES;
				CLANG_WARN_ENUM_CONVERSION = YES;
				CLANG_WARN_INT_CONVERSION = YES;
				CLANG_WARN_OBJC_ROOT_CLASS = YES_ERROR;
				CLANG_WARN_UNREACHABLE_CODE = YES;
				CLANG_WARN__DUPLICATE_METHOD_MATCH = YES;
				"CODE_SIGN_IDENTITY[sdk=iphoneos*]" = "iPhone Developer";
				COPY_PHASE_STRIP = NO;
				CURRENT_PROJECT_VERSION = 1;
				DEBUG_INFORMATION_FORMAT = dwarf;
				ENABLE_STRICT_OBJC_MSGSEND = YES;
				ENABLE_TESTABILITY = YES;
				GCC_C_LANGUAGE_STANDARD = gnu99;
				GCC_DYNAMIC_NO_PIC = NO;
				GCC_NO_COMMON_BLOCKS = YES;
				GCC_OPTIMIZATION_LEVEL = 0;
				GCC_PREPROCESSOR_DEFINITIONS = (
					"DEBUG=1",
					"$(inherited)",
				);
				GCC_WARN_64_TO_32_BIT_CONVERSION = YES;
				GCC_WARN_ABOUT_RETURN_TYPE = YES_ERROR;
				GCC_WARN_UNDECLARED_SELECTOR = YES;
				GCC_WARN_UNINITIALIZED_AUTOS = YES_AGGRESSIVE;
				GCC_WARN_UNUSED_FUNCTION = YES;
				GCC_WARN_UNUSED_VARIABLE = YES;
				IPHONEOS_DEPLOYMENT_TARGET = 8.0;
				MTL_ENABLE_DEBUG_INFO = YES;
				ONLY_ACTIVE_ARCH = NO;
				SDKROOT = iphoneos;
				TARGETED_DEVICE_FAMILY = "1,2";
				VERSIONING_SYSTEM = "apple-generic";
				VERSION_INFO_PREFIX = "";
			};
			name = Debug;
		};
		76D8223F1C1DB5E400FCF988 /* Release */ = {
			isa = XCBuildConfiguration;
			buildSettings = {
				ALWAYS_SEARCH_USER_PATHS = NO;
				CLANG_CXX_LANGUAGE_STANDARD = "gnu++0x";
				CLANG_CXX_LIBRARY = "libc++";
				CLANG_ENABLE_MODULES = YES;
				CLANG_ENABLE_OBJC_ARC = YES;
				CLANG_WARN_BOOL_CONVERSION = YES;
				CLANG_WARN_CONSTANT_CONVERSION = YES;
				CLANG_WARN_DIRECT_OBJC_ISA_USAGE = YES_ERROR;
				CLANG_WARN_EMPTY_BODY = YES;
				CLANG_WARN_ENUM_CONVERSION = YES;
				CLANG_WARN_INT_CONVERSION = YES;
				CLANG_WARN_OBJC_ROOT_CLASS = YES_ERROR;
				CLANG_WARN_UNREACHABLE_CODE = YES;
				CLANG_WARN__DUPLICATE_METHOD_MATCH = YES;
				"CODE_SIGN_IDENTITY[sdk=iphoneos*]" = "iPhone Developer";
				COPY_PHASE_STRIP = NO;
				CURRENT_PROJECT_VERSION = 1;
				DEBUG_INFORMATION_FORMAT = "dwarf-with-dsym";
				ENABLE_NS_ASSERTIONS = NO;
				ENABLE_STRICT_OBJC_MSGSEND = YES;
				GCC_C_LANGUAGE_STANDARD = gnu99;
				GCC_NO_COMMON_BLOCKS = YES;
				GCC_WARN_64_TO_32_BIT_CONVERSION = YES;
				GCC_WARN_ABOUT_RETURN_TYPE = YES_ERROR;
				GCC_WARN_UNDECLARED_SELECTOR = YES;
				GCC_WARN_UNINITIALIZED_AUTOS = YES_AGGRESSIVE;
				GCC_WARN_UNUSED_FUNCTION = YES;
				GCC_WARN_UNUSED_VARIABLE = YES;
				IPHONEOS_DEPLOYMENT_TARGET = 8.0;
				MTL_ENABLE_DEBUG_INFO = NO;
				ONLY_ACTIVE_ARCH = NO;
				SDKROOT = iphoneos;
				TARGETED_DEVICE_FAMILY = "1,2";
				VALIDATE_PRODUCT = YES;
				VERSIONING_SYSTEM = "apple-generic";
				VERSION_INFO_PREFIX = "";
			};
			name = Release;
		};
/* End XCBuildConfiguration section */

/* Begin XCConfigurationList section */
		1AA5D8D21CDC1BF5004D1CF9 /* Build configuration list for PBXNativeTarget "STPopup" */ = {
			isa = XCConfigurationList;
			buildConfigurations = (
				1AA5D8D31CDC1BF5004D1CF9 /* Debug */,
				1AA5D8D41CDC1BF5004D1CF9 /* Release */,
			);
			defaultConfigurationIsVisible = 0;
		};
		76D822321C1DB5E400FCF988 /* Build configuration list for PBXProject "STPopup" */ = {
			isa = XCConfigurationList;
			buildConfigurations = (
				76D8223E1C1DB5E400FCF988 /* Debug */,
				76D8223F1C1DB5E400FCF988 /* Release */,
			);
			defaultConfigurationIsVisible = 0;
			defaultConfigurationName = Release;
		};
/* End XCConfigurationList section */
	};
	rootObject = 76D8222F1C1DB5E400FCF988 /* Project object */;
}
